{
    "_meta": {
        "hash": {
            "sha256": "057d0492f1f9ad7fce259376a4cab60040fb572488f8776e536c28109dc7f023"
        },
        "pipfile-spec": 6,
        "requires": {
            "python_version": "3.9"
        },
        "sources": [
            {
                "name": "pypi",
                "url": "https://pypi.org/simple",
                "verify_ssl": true
            }
        ]
    },
    "default": {
        "sty": {
            "hashes": [
                "sha256:3e3352f05770a37e11c9dfc303cbccb1c6acc13710e15d181cb43be7df89f8ea"
            ],
            "index": "pypi",
            "version": "==1.0.4"
        }
    },
    "develop": {}
}
